GIT
  remote: git://github.com/Libertree/libertree-client-rb.git
  revision: b69ae5163ec8879479813e603d99dc5232f817fc
  specs:
    libertree-client (0.0.1)

GIT
  remote: git://github.com/Libertree/libertree-model-rb.git
  revision: ef985cc5f8533d6b06bffa28c45416fe205b8888
  specs:
    libertree-model (0.0.1)

GIT
  remote: git://github.com/RDBI/rdbi-driver-postgresql.git
  revision: 4c19912b5649bbefad20b48a378a5bf0dad60c15
  specs:
    rdbi-driver-postgresql (0.9.1)
      epoxy (>= 0.3.1)
      methlab
      pg (= 0.9.0)
      rdbi

GIT
  remote: git://github.com/RDBI/rdbi.git
  revision: 842eb374255fe0aef97f010d163be3c0a326f1ee
  specs:
    rdbi (0.9.1)
      epoxy (>= 0.3.1)
      methlab (>= 0.0.9)
      typelib

GIT
  remote: git://github.com/mark-moseley/linecache
  revision: 869c6a65155068415925067e480741bd0a71527e
  specs:
    linecache19 (0.5.12)
      ruby_core_source (>= 0.1.4)

GEM
  remote: http://rubygems.org/
  specs:
    activesupport (3.2.2)
      i18n (~> 0.6)
      multi_json (~> 1.0)
    archive-tar-minitar (0.5.2)
    bcrypt-ruby (3.0.1)
    columnize (0.3.6)
    diff-lcs (1.1.3)
    epoxy (0.3.1)
    eventmachine (0.12.10)
    factory_girl (2.6.4)
      activesupport (>= 2.3.9)
    i18n (0.6.0)
    m4dbi (0.8.5)
      metaid
      rdbi
    mail (2.4.4)
      i18n (>= 0.4.0)
      mime-types (~> 1.16)
      treetop (~> 1.4.8)
    metaid (1.0)
    methlab (0.1.0)
    mime-types (1.19)
    multi_json (1.1.0)
    pg (0.9.0)
    polyglot (0.3.3)
    pony (1.4)
      mail (> 2.0)
    rake (0.9.2.2)
    rspec (2.9.0)
      rspec-core (~> 2.9.0)
      rspec-expectations (~> 2.9.0)
      rspec-mocks (~> 2.9.0)
    rspec-core (2.9.0)
    rspec-expectations (2.9.0)
      diff-lcs (~> 1.1.3)
    rspec-mocks (2.9.0)
    ruby-debug-base19 (0.11.25)
      columnize (>= 0.3.1)
      linecache19 (>= 0.5.11)
      ruby_core_source (>= 0.1.4)
    ruby-debug-base19x (0.11.30.pre10)
      columnize (>= 0.3.1)
      linecache19 (>= 0.5.11)
      rake (>= 0.8.1)
      ruby_core_source (>= 0.1.4)
    ruby-debug19 (0.11.6)
      columnize (>= 0.3.1)
      linecache19 (>= 0.5.11)
      ruby-debug-base19 (>= 0.11.19)
    ruby_core_source (0.1.5)
      archive-tar-minitar (>= 0.5.2)
    treetop (1.4.10)
      polyglot
      polyglot (>= 0.3.1)
    typelib (0.1.0)

PLATFORMS
  ruby

DEPENDENCIES
  bcrypt-ruby
  eventmachine
  factory_girl
  libertree-client!
  libertree-model!
  linecache19!
  m4dbi
  pg
  pony
  rdbi!
  rdbi-driver-postgresql!
  rspec
  ruby-debug-base19x (~> 0.11.30.pre4)
  ruby-debug19
